
Microsoft Visual Studio Solution File, Format Version 12.00
Project("{2150E333-8FDC-42A3-9474-1A3956D46DE8}") = "Server", "Server", "{992E4197-2531-407F-9DA1-4A8008E47398}"
EndProject
Project("{FAE04EC0-301F-11D3-BF4B-00C04F79EFBC}") = "Entities", "Entities\Entities.csproj", "{EF4D96D7-2C99-49FC-A80F-67F253FD4945}"
EndProject
Project("{FAE04EC0-301F-11D3-BF4B-00C04F79EFBC}") = "RepositoryContracts", "RepositoryContracts\RepositoryContracts.csproj", "{FFB25415-0D1E-4921-B7BC-2EC763F10DBF}"
EndProject
Project("{FAE04EC0-301F-11D3-BF4B-00C04F79EFBC}") = "InMemoryRepositories", "InMemoryRepositories\InMemoryRepositories.csproj", "{9985CFED-993E-4165-A64E-1CABEBF0F40F}"
EndProject
Project("{FAE04EC0-301F-11D3-BF4B-00C04F79EFBC}") = "CLI", "CLI\CLI.csproj", "{9F2EEFB1-7101-446F-87EC-A5C260CF6968}"
EndProject
Project("{FAE04EC0-301F-11D3-BF4B-00C04F79EFBC}") = "FileRepositories", "FileRepositories\FileRepositories.csproj", "{53895A71-6079-46C6-AEDC-66D6032FA87A}"
EndProject
Global
	GlobalSection(SolutionConfigurationPlatforms) = preSolution
		Debug|Any CPU = Debug|Any CPU
		Release|Any CPU = Release|Any CPU
	EndGlobalSection
	GlobalSection(NestedProjects) = preSolution
		{EF4D96D7-2C99-49FC-A80F-67F253FD4945} = {992E4197-2531-407F-9DA1-4A8008E47398}
		{FFB25415-0D1E-4921-B7BC-2EC763F10DBF} = {992E4197-2531-407F-9DA1-4A8008E47398}
		{9985CFED-993E-4165-A64E-1CABEBF0F40F} = {992E4197-2531-407F-9DA1-4A8008E47398}
		{9F2EEFB1-7101-446F-87EC-A5C260CF6968} = {992E4197-2531-407F-9DA1-4A8008E47398}
		{53895A71-6079-46C6-AEDC-66D6032FA87A} = {992E4197-2531-407F-9DA1-4A8008E47398}
	EndGlobalSection
	GlobalSection(ProjectConfigurationPlatforms) = postSolution
		{EF4D96D7-2C99-49FC-A80F-67F253FD4945}.Debug|Any CPU.ActiveCfg = Debug|Any CPU
		{EF4D96D7-2C99-49FC-A80F-67F253FD4945}.Debug|Any CPU.Build.0 = Debug|Any CPU
		{EF4D96D7-2C99-49FC-A80F-67F253FD4945}.Release|Any CPU.ActiveCfg = Release|Any CPU
		{EF4D96D7-2C99-49FC-A80F-67F253FD4945}.Release|Any CPU.Build.0 = Release|Any CPU
		{FFB25415-0D1E-4921-B7BC-2EC763F10DBF}.Debug|Any CPU.ActiveCfg = Debug|Any CPU
		{FFB25415-0D1E-4921-B7BC-2EC763F10DBF}.Debug|Any CPU.Build.0 = Debug|Any CPU
		{FFB25415-0D1E-4921-B7BC-2EC763F10DBF}.Release|Any CPU.ActiveCfg = Release|Any CPU
		{FFB25415-0D1E-4921-B7BC-2EC763F10DBF}.Release|Any CPU.Build.0 = Release|Any CPU
		{9985CFED-993E-4165-A64E-1CABEBF0F40F}.Debug|Any CPU.ActiveCfg = Debug|Any CPU
		{9985CFED-993E-4165-A64E-1CABEBF0F40F}.Debug|Any CPU.Build.0 = Debug|Any CPU
		{9985CFED-993E-4165-A64E-1CABEBF0F40F}.Release|Any CPU.ActiveCfg = Release|Any CPU
		{9985CFED-993E-4165-A64E-1CABEBF0F40F}.Release|Any CPU.Build.0 = Release|Any CPU
		{9F2EEFB1-7101-446F-87EC-A5C260CF6968}.Debug|Any CPU.ActiveCfg = Debug|Any CPU
		{9F2EEFB1-7101-446F-87EC-A5C260CF6968}.Debug|Any CPU.Build.0 = Debug|Any CPU
		{9F2EEFB1-7101-446F-87EC-A5C260CF6968}.Release|Any CPU.ActiveCfg = Release|Any CPU
		{9F2EEFB1-7101-446F-87EC-A5C260CF6968}.Release|Any CPU.Build.0 = Release|Any CPU
		{53895A71-6079-46C6-AEDC-66D6032FA87A}.Debug|Any CPU.ActiveCfg = Debug|Any CPU
		{53895A71-6079-46C6-AEDC-66D6032FA87A}.Debug|Any CPU.Build.0 = Debug|Any CPU
		{53895A71-6079-46C6-AEDC-66D6032FA87A}.Release|Any CPU.ActiveCfg = Release|Any CPU
		{53895A71-6079-46C6-AEDC-66D6032FA87A}.Release|Any CPU.Build.0 = Release|Any CPU
	EndGlobalSection
EndGlobal
